{
  "name": "ba_challenge_all",
  "lockfileVersion": 3,
  "requires": true,
  "packages": {
    "": {
      "dependencies": {
        "expo-linear-gradient": "^55.0.13"
      }
    },
    "node_modules/expo-linear-gradient": {
      "version": "55.0.13",
      "resolved": "https://registry.npmjs.org/expo-linear-gradient/-/expo-linear-gradient-55.0.13.tgz",
      "integrity": "sha512-Qz2T4jpkA15RIk29DBqI1TwW+8O9AN8MyC4TJPbh/5UnihH0yNNz3waplUO8Szh5OZ3czTGvtPQU4ysF3RDxwQ==",
      "license": "MIT",
      "peerDependencies": {
        "expo": "*",
        "react": "*",
        "react-native": "*"
      }
    }
  }
}
